// !$*UTF8*$!
{
	archiveVersion = 1;
	classes = {
	};
	objectVersion = 56;
	objects = {

/* Begin PBXBuildFile section */
		7616674C2C08452800F36319 /* MoviesAppApp.swift in Sources */ = {isa = PBXBuildFile; fileRef = 7616674B2C08452800F36319 /* MoviesAppApp.swift */; };
		761667502C08452A00F36319 /* Assets.xcassets in Resources */ = {isa = PBXBuildFile; fileRef = 7616674F2C08452A00F36319 /* Assets.xcassets */; };
		761667532C08452A00F36319 /* Preview Assets.xcassets in Resources */ = {isa = PBXBuildFile; fileRef = 761667522C08452A00F36319 /* Preview Assets.xcassets */; };
		7616675D2C08452A00F36319 /* MoviesAppTests.swift in Sources */ = {isa = PBXBuildFile; fileRef = 7616675C2C08452A00F36319 /* MoviesAppTests.swift */; };
		761667672C08452A00F36319 /* MoviesAppUITests.swift in Sources */ = {isa = PBXBuildFile; fileRef = 761667662C08452A00F36319 /* MoviesAppUITests.swift */; };
		761667692C08452A00F36319 /* MoviesAppUITestsLaunchTests.swift in Sources */ = {isa = PBXBuildFile; fileRef = 761667682C08452A00F36319 /* MoviesAppUITestsLaunchTests.swift */; };
		76FE405D2C08519500AD320F /* String+Extensions.swift in Sources */ = {isa = PBXBuildFile; fileRef = 76FE40442C08519400AD320F /* String+Extensions.swift */; };
		76FE405E2C08519500AD320F /* View+Extensions.swift in Sources */ = {isa = PBXBuildFile; fileRef = 76FE40452C08519400AD320F /* View+Extensions.swift */; };
		76FE405F2C08519500AD320F /* Constants.swift in Sources */ = {isa = PBXBuildFile; fileRef = 76FE40472C08519400AD320F /* Constants.swift */; };
		76FE40602C08519500AD320F /* ApiKeys.swift in Sources */ = {isa = PBXBuildFile; fileRef = 76FE40482C08519400AD320F /* ApiKeys.swift */; };
		76FE40612C08519500AD320F /* MoviesMiddleware.swift in Sources */ = {isa = PBXBuildFile; fileRef = 76FE404B2C08519400AD320F /* MoviesMiddleware.swift */; };
		76FE40622C08519500AD320F /* Store.swift in Sources */ = {isa = PBXBuildFile; fileRef = 76FE404C2C08519400AD320F /* Store.swift */; };
		76FE40632C08519500AD320F /* AppReducer.swift in Sources */ = {isa = PBXBuildFile; fileRef = 76FE404E2C08519400AD320F /* AppReducer.swift */; };
		76FE40642C08519500AD320F /* MoviesReducer.swift in Sources */ = {isa = PBXBuildFile; fileRef = 76FE404F2C08519400AD320F /* MoviesReducer.swift */; };
		76FE40652C08519500AD320F /* RatingView.swift in Sources */ = {isa = PBXBuildFile; fileRef = 76FE40512C08519400AD320F /* RatingView.swift */; };
		76FE40662C08519500AD320F /* MovieDetailsView.swift in Sources */ = {isa = PBXBuildFile; fileRef = 76FE40522C08519400AD320F /* MovieDetailsView.swift */; };
		76FE40672C08519500AD320F /* URLImage.swift in Sources */ = {isa = PBXBuildFile; fileRef = 76FE40532C08519400AD320F /* URLImage.swift */; };
		76FE40682C08519500AD320F /* ContentView.swift in Sources */ = {isa = PBXBuildFile; fileRef = 76FE40542C08519400AD320F /* ContentView.swift */; };
		76FE40692C08519500AD320F /* ImageDownloader.swift in Sources */ = {isa = PBXBuildFile; fileRef = 76FE40562C08519400AD320F /* ImageDownloader.swift */; };
		76FE406A2C08519500AD320F /* Movies.json in Resources */ = {isa = PBXBuildFile; fileRef = 76FE40582C08519500AD320F /* Movies.json */; };
		76FE406B2C08519500AD320F /* Movie.swift in Sources */ = {isa = PBXBuildFile; fileRef = 76FE40592C08519500AD320F /* Movie.swift */; };
		76FE406C2C08519500AD320F /* MovieDetail.swift in Sources */ = {isa = PBXBuildFile; fileRef = 76FE405A2C08519500AD320F /* MovieDetail.swift */; };
		76FE406D2C08519500AD320F /* Webservice.swift in Sources */ = {isa = PBXBuildFile; fileRef = 76FE405C2C08519500AD320F /* Webservice.swift */; };
/* End PBXBuildFile section */

/* Begin PBXContainerItemProxy section */
		761667592C08452A00F36319 /* PBXContainerItemProxy */ = {
			isa = PBXContainerItemProxy;
			containerPortal = 761667402C08452800F36319 /* Project object */;
			proxyType = 1;
			remoteGlobalIDString = 761667472C08452800F36319;
			remoteInfo = MoviesApp;
		};
		761667632C08452A00F36319 /* PBXContainerItemProxy */ = {
			isa = PBXContainerItemProxy;
			containerPortal = 761667402C08452800F36319 /* Project object */;
			proxyType = 1;
			remoteGlobalIDString = 761667472C08452800F36319;
			remoteInfo = MoviesApp;
		};
/* End PBXContainerItemProxy section */

/* Begin PBXFileReference section */
		761667482C08452800F36319 /* MoviesApp.app */ = {isa = PBXFileReference; explicitFileType = wrapper.application; includeInIndex = 0; path = MoviesApp.app; sourceTree = BUILT_PRODUCTS_DIR; };
		7616674B2C08452800F36319 /* MoviesAppApp.swift */ = {isa = PBXFileReference; lastKnownFileType = sourcecode.swift; path = MoviesAppApp.swift; sourceTree = "<group>"; };
		7616674F2C08452A00F36319 /* Assets.xcassets */ = {isa = PBXFileReference; lastKnownFileType = folder.assetcatalog; path = Assets.xcassets; sourceTree = "<group>"; };
		761667522C08452A00F36319 /* Preview Assets.xcassets */ = {isa = PBXFileReference; lastKnownFileType = folder.assetcatalog; path = "Preview Assets.xcassets"; sourceTree = "<group>"; };
		761667582C08452A00F36319 /* MoviesAppTests.xctest */ = {isa = PBXFileReference; explicitFileType = wrapper.cfbundle; includeInIndex = 0; path = MoviesAppTests.xctest; sourceTree = BUILT_PRODUCTS_DIR; };
		7616675C2C08452A00F36319 /* MoviesAppTests.swift */ = {isa = PBXFileReference; lastKnownFileType = sourcecode.swift; path = MoviesAppTests.swift; sourceTree = "<group>"; };
		761667622C08452A00F36319 /* MoviesAppUITests.xctest */ = {isa = PBXFileReference; explicitFileType = wrapper.cfbundle; includeInIndex = 0; path = MoviesAppUITests.xctest; sourceTree = BUILT_PRODUCTS_DIR; };
		761667662C08452A00F36319 /* MoviesAppUITests.swift */ = {isa = PBXFileReference; lastKnownFileType = sourcecode.swift; path = MoviesAppUITests.swift; sourceTree = "<group>"; };
		761667682C08452A00F36319 /* MoviesAppUITestsLaunchTests.swift */ = {isa = PBXFileReference; lastKnownFileType = sourcecode.swift; path = MoviesAppUITestsLaunchTests.swift; sourceTree = "<group>"; };
		76FE40442C08519400AD320F /* String+Extensions.swift */ = {isa = PBXFileReference; fileEncoding = 4; lastKnownFileType = sourcecode.swift; path = "String+Extensions.swift"; sourceTree = "<group>"; };
		76FE40452C08519400AD320F /* View+Extensions.swift */ = {isa = PBXFileReference; fileEncoding = 4; lastKnownFileType = sourcecode.swift; path = "View+Extensions.swift"; sourceTree = "<group>"; };
		76FE40472C08519400AD320F /* Constants.swift */ = {isa = PBXFileReference; fileEncoding = 4; lastKnownFileType = sourcecode.swift; path = Constants.swift; sourceTree = "<group>"; };
		76FE40482C08519400AD320F /* ApiKeys.swift */ = {isa = PBXFileReference; fileEncoding = 4; lastKnownFileType = sourcecode.swift; path = ApiKeys.swift; sourceTree = "<group>"; };
		76FE404B2C08519400AD320F /* MoviesMiddleware.swift */ = {isa = PBXFileReference; fileEncoding = 4; lastKnownFileType = sourcecode.swift; path = MoviesMiddleware.swift; sourceTree = "<group>"; };
		76FE404C2C08519400AD320F /* Store.swift */ = {isa = PBXFileReference; fileEncoding = 4; lastKnownFileType = sourcecode.swift; path = Store.swift; sourceTree = "<group>"; };
		76FE404E2C08519400AD320F /* AppReducer.swift */ = {isa = PBXFileReference; fileEncoding = 4; lastKnownFileType = sourcecode.swift; path = AppReducer.swift; sourceTree = "<group>"; };
		76FE404F2C08519400AD320F /* MoviesReducer.swift */ = {isa = PBXFileReference; fileEncoding = 4; lastKnownFileType = sourcecode.swift; path = MoviesReducer.swift; sourceTree = "<group>"; };
		76FE40512C08519400AD320F /* RatingView.swift */ = {isa = PBXFileReference; fileEncoding = 4; lastKnownFileType = sourcecode.swift; path = RatingView.swift; sourceTree = "<group>"; };
		76FE40522C08519400AD320F /* MovieDetailsView.swift */ = {isa = PBXFileReference; fileEncoding = 4; lastKnownFileType = sourcecode.swift; path = MovieDetailsView.swift; sourceTree = "<group>"; };
		76FE40532C08519400AD320F /* URLImage.swift */ = {isa = PBXFileReference; fileEncoding = 4; lastKnownFileType = sourcecode.swift; path = URLImage.swift; sourceTree = "<group>"; };
		76FE40542C08519400AD320F /* ContentView.swift */ = {isa = PBXFileReference; fileEncoding = 4; lastKnownFileType = sourcecode.swift; path = ContentView.swift; sourceTree = "<group>"; };
		76FE40562C08519400AD320F /* ImageDownloader.swift */ = {isa = PBXFileReference; fileEncoding = 4; lastKnownFileType = sourcecode.swift; path = ImageDownloader.swift; sourceTree = "<group>"; };
		76FE40582C08519500AD320F /* Movies.json */ = {isa = PBXFileReference; fileEncoding = 4; lastKnownFileType = text.json; path = Movies.json; sourceTree = "<group>"; };
		76FE40592C08519500AD320F /* Movie.swift */ = {isa = PBXFileReference; fileEncoding = 4; lastKnownFileType = sourcecode.swift; path = Movie.swift; sourceTree = "<group>"; };
		76FE405A2C08519500AD320F /* MovieDetail.swift */ = {isa = PBXFileReference; fileEncoding = 4; lastKnownFileType = sourcecode.swift; path = MovieDetail.swift; sourceTree = "<group>"; };
		76FE405C2C08519500AD320F /* Webservice.swift */ = {isa = PBXFileReference; fileEncoding = 4; lastKnownFileType = sourcecode.swift; path = Webservice.swift; sourceTree = "<group>"; };
/* End PBXFileReference section */

/* Begin PBXFrameworksBuildPhase section */
		761667452C08452800F36319 /* Frameworks */ = {
			isa = PBXFrameworksBuildPhase;
			buildActionMask = 2147483647;
			files = (
			);
			runOnlyForDeploymentPostprocessing = 0;
		};
		761667552C08452A00F36319 /* Frameworks */ = {
			isa = PBXFrameworksBuildPhase;
			buildActionMask = 2147483647;
			files = (
			);
			runOnlyForDeploymentPostprocessing = 0;
		};
		7616675F2C08452A00F36319 /* Frameworks */ = {
			isa = PBXFrameworksBuildPhase;
			buildActionMask = 2147483647;
			files = (
			);
			runOnlyForDeploymentPostprocessing = 0;
		};
/* End PBXFrameworksBuildPhase section */

/* Begin PBXGroup section */
		7616673F2C08452800F36319 = {
			isa = PBXGroup;
			children = (
				7616674A2C08452800F36319 /* MoviesApp */,
				7616675B2C08452A00F36319 /* MoviesAppTests */,
				761667652C08452A00F36319 /* MoviesAppUITests */,
				761667492C08452800F36319 /* Products */,
			);
			sourceTree = "<group>";
		};
		761667492C08452800F36319 /* Products */ = {
			isa = PBXGroup;
			children = (
				761667482C08452800F36319 /* MoviesApp.app */,
				761667582C08452A00F36319 /* MoviesAppTests.xctest */,
				761667622C08452A00F36319 /* MoviesAppUITests.xctest */,
			);
			name = Products;
			sourceTree = "<group>";
		};
		7616674A2C08452800F36319 /* MoviesApp */ = {
			isa = PBXGroup;
			children = (
				76FE40432C08519400AD320F /* Extensions */,
				76FE40552C08519400AD320F /* Loaders */,
				76FE40572C08519500AD320F /* Models */,
				76FE405B2C08519500AD320F /* Services */,
				76FE40492C08519400AD320F /* Store */,
				76FE40462C08519400AD320F /* Utils */,
				76FE40502C08519400AD320F /* Views */,
				7616674B2C08452800F36319 /* MoviesAppApp.swift */,
				7616674F2C08452A00F36319 /* Assets.xcassets */,
				761667512C08452A00F36319 /* Preview Content */,
			);
			path = MoviesApp;
			sourceTree = "<group>";
		};
		761667512C08452A00F36319 /* Preview Content */ = {
			isa = PBXGroup;
			children = (
				761667522C08452A00F36319 /* Preview Assets.xcassets */,
			);
			path = "Preview Content";
			sourceTree = "<group>";
		};
		7616675B2C08452A00F36319 /* MoviesAppTests */ = {
			isa = PBXGroup;
			children = (
				7616675C2C08452A00F36319 /* MoviesAppTests.swift */,
			);
			path = MoviesAppTests;
			sourceTree = "<group>";
		};
		761667652C08452A00F36319 /* MoviesAppUITests */ = {
			isa = PBXGroup;
			children = (
				761667662C08452A00F36319 /* MoviesAppUITests.swift */,
				761667682C08452A00F36319 /* MoviesAppUITestsLaunchTests.swift */,
			);
			path = MoviesAppUITests;
			sourceTree = "<group>";
		};
		76FE40432C08519400AD320F /* Extensions */ = {
			isa = PBXGroup;
			children = (
				76FE40442C08519400AD320F /* String+Extensions.swift */,
				76FE40452C08519400AD320F /* View+Extensions.swift */,
			);
			path = Extensions;
			sourceTree = "<group>";
		};
		76FE40462C08519400AD320F /* Utils */ = {
			isa = PBXGroup;
			children = (
				76FE40472C08519400AD320F /* Constants.swift */,
				76FE40482C08519400AD320F /* ApiKeys.swift */,
			);
			path = Utils;
			sourceTree = "<group>";
		};
		76FE40492C08519400AD320F /* Store */ = {
			isa = PBXGroup;
			children = (
				76FE404A2C08519400AD320F /* Middlewares */,
				76FE404C2C08519400AD320F /* Store.swift */,
				76FE404D2C08519400AD320F /* Reducers */,
			);
			path = Store;
			sourceTree = "<group>";
		};
		76FE404A2C08519400AD320F /* Middlewares */ = {
			isa = PBXGroup;
			children = (
				76FE404B2C08519400AD320F /* MoviesMiddleware.swift */,
			);
			path = Middlewares;
			sourceTree = "<group>";
		};
		76FE404D2C08519400AD320F /* Reducers */ = {
			isa = PBXGroup;
			children = (
				76FE404E2C08519400AD320F /* AppReducer.swift */,
				76FE404F2C08519400AD320F /* MoviesReducer.swift */,
			);
			path = Reducers;
			sourceTree = "<group>";
		};
		76FE40502C08519400AD320F /* Views */ = {
			isa = PBXGroup;
			children = (
				76FE40512C08519400AD320F /* RatingView.swift */,
				76FE40522C08519400AD320F /* MovieDetailsView.swift */,
				76FE40532C08519400AD320F /* URLImage.swift */,
				76FE40542C08519400AD320F /* ContentView.swift */,
			);
			path = Views;
			sourceTree = "<group>";
		};
		76FE40552C08519400AD320F /* Loaders */ = {
			isa = PBXGroup;
			children = (
				76FE40562C08519400AD320F /* ImageDownloader.swift */,
			);
			path = Loaders;
			sourceTree = "<group>";
		};
		76FE40572C08519500AD320F /* Models */ = {
			isa = PBXGroup;
			children = (
				76FE40582C08519500AD320F /* Movies.json */,
				76FE40592C08519500AD320F /* Movie.swift */,
				76FE405A2C08519500AD320F /* MovieDetail.swift */,
			);
			path = Models;
			sourceTree = "<group>";
		};
		76FE405B2C08519500AD320F /* Services */ = {
			isa = PBXGroup;
			children = (
				76FE405C2C08519500AD320F /* Webservice.swift */,
			);
			path = Services;
			sourceTree = "<group>";
		};
/* End PBXGroup section */

/* Begin PBXNativeTarget section */
		761667472C08452800F36319 /* MoviesApp */ = {
			isa = PBXNativeTarget;
			buildConfigurationList = 7616676C2C08452A00F36319 /* Build configuration list for PBXNativeTarget "MoviesApp" */;
			buildPhases = (
				761667442C08452800F36319 /* Sources */,
				761667452C08452800F36319 /* Frameworks */,
				761667462C08452800F36319 /* Resources */,
			);
			buildRules = (
			);
			dependencies = (
			);
			name = MoviesApp;
			productName = MoviesApp;
			productReference = 761667482C08452800F36319 /* MoviesApp.app */;
			productType = "com.apple.product-type.application";
		};
		761667572C08452A00F36319 /* MoviesAppTests */ = {
			isa = PBXNativeTarget;
			buildConfigurationList = 7616676F2C08452A00F36319 /* Build configuration list for PBXNativeTarget "MoviesAppTests" */;
			buildPhases = (
				761667542C08452A00F36319 /* Sources */,
				761667552C08452A00F36319 /* Frameworks */,
				761667562C08452A00F36319 /* Resources */,
			);
			buildRules = (
			);
			dependencies = (
				7616675A2C08452A00F36319 /* PBXTargetDependency */,
			);
			name = MoviesAppTests;
			productName = MoviesAppTests;
			productReference = 761667582C08452A00F36319 /* MoviesAppTests.xctest */;
			productType = "com.apple.product-type.bundle.unit-test";
		};
		761667612C08452A00F36319 /* MoviesAppUITests */ = {
			isa = PBXNativeTarget;
			buildConfigurationList = 761667722C08452A00F36319 /* Build configuration list for PBXNativeTarget "MoviesAppUITests" */;
			buildPhases = (
				7616675E2C08452A00F36319 /* Sources */,
				7616675F2C08452A00F36319 /* Frameworks */,
				761667602C08452A00F36319 /* Resources */,
			);
			buildRules = (
			);
			dependencies = (
				761667642C08452A00F36319 /* PBXTargetDependency */,
			);
			name = MoviesAppUITests;
			productName = MoviesAppUITests;
			productReference = 761667622C08452A00F36319 /* MoviesAppUITests.xctest */;
			productType = "com.apple.product-type.bundle.ui-testing";
		};
/* End PBXNativeTarget section */

/* Begin PBXProject section */
		761667402C08452800F36319 /* Project object */ = {
			isa = PBXProject;
			attributes = {
				BuildIndependentTargetsInParallel = 1;
				LastSwiftUpdateCheck = 1520;
				LastUpgradeCheck = 1520;
				TargetAttributes = {
					761667472C08452800F36319 = {
						CreatedOnToolsVersion = 15.2;
					};
					761667572C08452A00F36319 = {
						CreatedOnToolsVersion = 15.2;
						TestTargetID = 761667472C08452800F36319;
					};
					761667612C08452A00F36319 = {
						CreatedOnToolsVersion = 15.2;
						TestTargetID = 761667472C08452800F36319;
					};
				};
			};
			buildConfigurationList = 761667432C08452800F36319 /* Build configuration list for PBXProject "MoviesApp" */;
			compatibilityVersion = "Xcode 14.0";
			developmentRegion = en;
			hasScannedForEncodings = 0;
			knownRegions = (
				en,
				Base,
			);
			mainGroup = 7616673F2C08452800F36319;
			productRefGroup = 761667492C08452800F36319 /* Products */;
			projectDirPath = "";
			projectRoot = "";
			targets = (
				761667472C08452800F36319 /* MoviesApp */,
				761667572C08452A00F36319 /* MoviesAppTests */,
				761667612C08452A00F36319 /* MoviesAppUITests */,
			);
		};
/* End PBXProject section */

/* Begin PBXResourcesBuildPhase section */
		761667462C08452800F36319 /* Resources */ = {
			isa = PBXResourcesBuildPhase;
			buildActionMask = 2147483647;
			files = (
				761667532C08452A00F36319 /* Preview Assets.xcassets in Resources */,
				761667502C08452A00F36319 /* Assets.xcassets in Resources */,
				76FE406A2C08519500AD320F /* Movies.json in Resources */,
			);
			runOnlyForDeploymentPostprocessing = 0;
		};
		761667562C08452A00F36319 /* Resources */ = {
			isa = PBXResourcesBuildPhase;
			buildActionMask = 2147483647;
			files = (
			);
			runOnlyForDeploymentPostprocessing = 0;
		};
		761667602C08452A00F36319 /* Resources */ = {
			isa = PBXResourcesBuildPhase;
			buildActionMask = 2147483647;
			files = (
			);
			runOnlyForDeploymentPostprocessing = 0;
		};
/* End PBXResourcesBuildPhase section */

/* Begin PBXSourcesBuildPhase section */
		761667442C08452800F36319 /* Sources */ = {
			isa = PBXSourcesBuildPhase;
			buildActionMask = 2147483647;
			files = (
				76FE40652C08519500AD320F /* RatingView.swift in Sources */,
				76FE40692C08519500AD320F /* ImageDownloader.swift in Sources */,
				76FE40612C08519500AD320F /* MoviesMiddleware.swift in Sources */,
				76FE40682C08519500AD320F /* ContentView.swift in Sources */,
				76FE405F2C08519500AD320F /* Constants.swift in Sources */,
				76FE406B2C08519500AD320F /* Movie.swift in Sources */,
				76FE40632C08519500AD320F /* AppReducer.swift in Sources */,
				76FE406D2C08519500AD320F /* Webservice.swift in Sources */,
				76FE40672C08519500AD320F /* URLImage.swift in Sources */,
				76FE40622C08519500AD320F /* Store.swift in Sources */,
				76FE40662C08519500AD320F /* MovieDetailsView.swift in Sources */,
				76FE40602C08519500AD320F /* ApiKeys.swift in Sources */,
				76FE405D2C08519500AD320F /* String+Extensions.swift in Sources */,
				76FE405E2C08519500AD320F /* View+Extensions.swift in Sources */,
				76FE406C2C08519500AD320F /* MovieDetail.swift in Sources */,
				7616674C2C08452800F36319 /* MoviesAppApp.swift in Sources */,
				76FE40642C08519500AD320F /* MoviesReducer.swift in Sources */,
			);
			runOnlyForDeploymentPostprocessing = 0;
		};
		761667542C08452A00F36319 /* Sources */ = {
			isa = PBXSourcesBuildPhase;
			buildActionMask = 2147483647;
			files = (
				7616675D2C08452A00F36319 /* MoviesAppTests.swift in Sources */,
			);
			runOnlyForDeploymentPostprocessing = 0;
		};
		7616675E2C08452A00F36319 /* Sources */ = {
			isa = PBXSourcesBuildPhase;
			buildActionMask = 2147483647;
			files = (
				761667672C08452A00F36319 /* MoviesAppUITests.swift in Sources */,
				761667692C08452A00F36319 /* MoviesAppUITestsLaunchTests.swift in Sources */,
			);
			runOnlyForDeploymentPostprocessing = 0;
		};
/* End PBXSourcesBuildPhase section */

/* Begin PBXTargetDependency section */
		7616675A2C08452A00F36319 /* PBXTargetDependency */ = {
			isa = PBXTargetDependency;
			target = 761667472C08452800F36319 /* MoviesApp */;
			targetProxy = 761667592C08452A00F36319 /* PBXContainerItemProxy */;
		};
		761667642C08452A00F36319 /* PBXTargetDependency */ = {
			isa = PBXTargetDependency;
			target = 761667472C08452800F36319 /* MoviesApp */;
			targetProxy = 761667632C08452A00F36319 /* PBXContainerItemProxy */;
		};
/* End PBXTargetDependency section */

/* Begin XCBuildConfiguration section */
		7616676A2C08452A00F36319 /* Debug */ = {
			isa = XCBuildConfiguration;
			buildSettings = {
				ALWAYS_SEARCH_USER_PATHS = NO;
				ASSETCATALOG_COMPILER_GENERATE_SWIFT_ASSET_SYMBOL_EXTENSIONS = YES;
				CLANG_ANALYZER_NONNULL = YES;
				CLANG_ANALYZER_NUMBER_OBJECT_CONVERSION = YES_AGGRESSIVE;
				CLANG_CXX_LANGUAGE_STANDARD = "gnu++20";
				CLANG_ENABLE_MODULES = YES;
				CLANG_ENABLE_OBJC_ARC = YES;
				CLANG_ENABLE_OBJC_WEAK = YES;
				CLANG_WARN_BLOCK_CAPTURE_AUTORELEASING = YES;
				CLANG_WARN_BOOL_CONVERSION = YES;
				CLANG_WARN_COMMA = YES;
				CLANG_WARN_CONSTANT_CONVERSION = YES;
				CLANG_WARN_DEPRECATED_OBJC_IMPLEMENTATIONS = YES;
				CLANG_WARN_DIRECT_OBJC_ISA_USAGE = YES_ERROR;
				CLANG_WARN_DOCUMENTATION_COMMENTS = YES;
				CLANG_WARN_EMPTY_BODY = YES;
				CLANG_WARN_ENUM_CONVERSION = YES;
				CLANG_WARN_INFINITE_RECURSION = YES;
				CLANG_WARN_INT_CONVERSION = YES;
				CLANG_WARN_NON_LITERAL_NULL_CONVERSION = YES;
				CLANG_WARN_OBJC_IMPLICIT_RETAIN_SELF = YES;
				CLANG_WARN_OBJC_LITERAL_CONVERSION = YES;
				CLANG_WARN_OBJC_ROOT_CLASS = YES_ERROR;
				CLANG_WARN_QUOTED_INCLUDE_IN_FRAMEWORK_HEADER = YES;
				CLANG_WARN_RANGE_LOOP_ANALYSIS = YES;
				CLANG_WARN_STRICT_PROTOTYPES = YES;
				CLANG_WARN_SUSPICIOUS_MOVE = YES;
				CLANG_WARN_UNGUARDED_AVAILABILITY = YES_AGGRESSIVE;
				CLANG_WARN_UNREACHABLE_CODE = YES;
				CLANG_WARN__DUPLICATE_METHOD_MATCH = YES;
				COPY_PHASE_STRIP = NO;
				DEBUG_INFORMATION_FORMAT = dwarf;
				ENABLE_STRICT_OBJC_MSGSEND = YES;
				ENABLE_TESTABILITY = YES;
				ENABLE_USER_SCRIPT_SANDBOXING = YES;
				GCC_C_LANGUAGE_STANDARD = gnu17;
				GCC_DYNAMIC_NO_PIC = NO;
				GCC_NO_COMMON_BLOCKS = YES;
				GCC_OPTIMIZATION_LEVEL = 0;
				GCC_PREPROCESSOR_DEFINITIONS = (
					"DEBUG=1",
					"$(inherited)",
				);
				GCC_WARN_64_TO_32_BIT_CONVERSION = YES;
				GCC_WARN_ABOUT_RETURN_TYPE = YES_ERROR;
				GCC_WARN_UNDECLARED_SELECTOR = YES;
				GCC_WARN_UNINITIALIZED_AUTOS = YES_AGGRESSIVE;
				GCC_WARN_UNUSED_FUNCTION = YES;
				GCC_WARN_UNUSED_VARIABLE = YES;
				IPHONEOS_DEPLOYMENT_TARGET = 17.2;
				LOCALIZATION_PREFERS_STRING_CATALOGS = YES;
				MTL_ENABLE_DEBUG_INFO = INCLUDE_SOURCE;
				MTL_FAST_MATH = YES;
				ONLY_ACTIVE_ARCH = YES;
				SDKROOT = iphoneos;
				SWIFT_ACTIVE_COMPILATION_CONDITIONS = "DEBUG $(inherited)";
				SWIFT_OPTIMIZATION_LEVEL = "-Onone";
			};
			name = Debug;
		};
		7616676B2C08452A00F36319 /* Release */ = {
			isa = XCBuildConfiguration;
			buildSettings = {
				ALWAYS_SEARCH_USER_PATHS = NO;
				ASSETCATALOG_COMPILER_GENERATE_SWIFT_ASSET_SYMBOL_EXTENSIONS = YES;
				CLANG_ANALYZER_NONNULL = YES;
				CLANG_ANALYZER_NUMBER_OBJECT_CONVERSION = YES_AGGRESSIVE;
				CLANG_CXX_LANGUAGE_STANDARD = "gnu++20";
				CLANG_ENABLE_MODULES = YES;
				CLANG_ENABLE_OBJC_ARC = YES;
				CLANG_ENABLE_OBJC_WEAK = YES;
				CLANG_WARN_BLOCK_CAPTURE_AUTORELEASING = YES;
				CLANG_WARN_BOOL_CONVERSION = YES;
				CLANG_WARN_COMMA = YES;
				CLANG_WARN_CONSTANT_CONVERSION = YES;
				CLANG_WARN_DEPRECATED_OBJC_IMPLEMENTATIONS = YES;
				CLANG_WARN_DIRECT_OBJC_ISA_USAGE = YES_ERROR;
				CLANG_WARN_DOCUMENTATION_COMMENTS = YES;
				CLANG_WARN_EMPTY_BODY = YES;
				CLANG_WARN_ENUM_CONVERSION = YES;
				CLANG_WARN_INFINITE_RECURSION = YES;
				CLANG_WARN_INT_CONVERSION = YES;
				CLANG_WARN_NON_LITERAL_NULL_CONVERSION = YES;
				CLANG_WARN_OBJC_IMPLICIT_RETAIN_SELF = YES;
				CLANG_WARN_OBJC_LITERAL_CONVERSION = YES;
				CLANG_WARN_OBJC_ROOT_CLASS = YES_ERROR;
				CLANG_WARN_QUOTED_INCLUDE_IN_FRAMEWORK_HEADER = YES;
				CLANG_WARN_RANGE_LOOP_ANALYSIS = YES;
				CLANG_WARN_STRICT_PROTOTYPES = YES;
				CLANG_WARN_SUSPICIOUS_MOVE = YES;
				CLANG_WARN_UNGUARDED_AVAILABILITY = YES_AGGRESSIVE;
				CLANG_WARN_UNREACHABLE_CODE = YES;
				CLANG_WARN__DUPLICATE_METHOD_MATCH = YES;
				COPY_PHASE_STRIP = NO;
				DEBUG_INFORMATION_FORMAT = "dwarf-with-dsym";
				ENABLE_NS_ASSERTIONS = NO;
				ENABLE_STRICT_OBJC_MSGSEND = YES;
				ENABLE_USER_SCRIPT_SANDBOXING = YES;
				GCC_C_LANGUAGE_STANDARD = gnu17;
				GCC_NO_COMMON_BLOCKS = YES;
				GCC_WARN_64_TO_32_BIT_CONVERSION = YES;
				GCC_WARN_ABOUT_RETURN_TYPE = YES_ERROR;
				GCC_WARN_UNDECLARED_SELECTOR = YES;
				GCC_WARN_UNINITIALIZED_AUTOS = YES_AGGRESSIVE;
				GCC_WARN_UNUSED_FUNCTION = YES;
				GCC_WARN_UNUSED_VARIABLE = YES;
				IPHONEOS_DEPLOYMENT_TARGET = 17.2;
				LOCALIZATION_PREFERS_STRING_CATALOGS = YES;
				MTL_ENABLE_DEBUG_INFO = NO;
				MTL_FAST_MATH = YES;
				SDKROOT = iphoneos;
				SWIFT_COMPILATION_MODE = wholemodule;
				VALIDATE_PRODUCT = YES;
			};
			name = Release;
		};
		7616676D2C08452A00F36319 /* Debug */ = {
			isa = XCBuildConfiguration;
			buildSettings = {
				ASSETCATALOG_COMPILER_APPICON_NAME = AppIcon;
				ASSETCATALOG_COMPILER_GLOBAL_ACCENT_COLOR_NAME = AccentColor;
				CODE_SIGN_STYLE = Automatic;
				CURRENT_PROJECT_VERSION = 1;
				DEVELOPMENT_ASSET_PATHS = "\"MoviesApp/Preview Content\"";
				ENABLE_PREVIEWS = YES;
				GENERATE_INFOPLIST_FILE = YES;
				INFOPLIST_KEY_UIApplicationSceneManifest_Generation = YES;
				INFOPLIST_KEY_UIApplicationSupportsIndirectInputEvents = YES;
				INFOPLIST_KEY_UILaunchScreen_Generation = YES;
				INFOPLIST_KEY_UISupportedInterfaceOrientations_iPad = "UIInterfaceOrientationPortrait UIInterfaceOrientationPortraitUpsideDown UIInterfaceOrientationLandscapeLeft UIInterfaceOrientationLandscapeRight";
				INFOPLIST_KEY_UISupportedInterfaceOrientations_iPhone = "UIInterfaceOrientationPortrait UIInterfaceOrientationLandscapeLeft UIInterfaceOrientationLandscapeRight";
				LD_RUNPATH_SEARCH_PATHS = (
					"$(inherited)",
					"@executable_path/Frameworks",
				);
				MARKETING_VERSION = 1.0;
				PRODUCT_BUNDLE_IDENTIFIER = com.takasurazeem.MoviesApp;
				PRODUCT_NAME = "$(TARGET_NAME)";
				SWIFT_EMIT_LOC_STRINGS = YES;
				SWIFT_VERSION = 5.0;
				TARGETED_DEVICE_FAMILY = "1,2";
			};
			name = Debug;
		};
		7616676E2C08452A00F36319 /* Release */ = {
			isa = XCBuildConfiguration;
			buildSettings = {
				ASSETCATALOG_COMPILER_APPICON_NAME = AppIcon;
				ASSETCATALOG_COMPILER_GLOBAL_ACCENT_COLOR_NAME = AccentColor;
				CODE_SIGN_STYLE = Automatic;
				CURRENT_PROJECT_VERSION = 1;
				DEVELOPMENT_ASSET_PATHS = "\"MoviesApp/Preview Content\"";
				ENABLE_PREVIEWS = YES;
				GENERATE_INFOPLIST_FILE = YES;
				INFOPLIST_KEY_UIApplicationSceneManifest_Generation = YES;
				INFOPLIST_KEY_UIApplicationSupportsIndirectInputEvents = YES;
				INFOPLIST_KEY_UILaunchScreen_Generation = YES;
				INFOPLIST_KEY_UISupportedInterfaceOrientations_iPad = "UIInterfaceOrientationPortrait UIInterfaceOrientationPortraitUpsideDown UIInterfaceOrientationLandscapeLeft UIInterfaceOrientationLandscapeRight";
				INFOPLIST_KEY_UISupportedInterfaceOrientations_iPhone = "UIInterfaceOrientationPortrait UIInterfaceOrientationLandscapeLeft UIInterfaceOrientationLandscapeRight";
				LD_RUNPATH_SEARCH_PATHS = (
					"$(inherited)",
					"@executable_path/Frameworks",
				);
				MARKETING_VERSION = 1.0;
				PRODUCT_BUNDLE_IDENTIFIER = com.takasurazeem.MoviesApp;
				PRODUCT_NAME = "$(TARGET_NAME)";
				SWIFT_EMIT_LOC_STRINGS = YES;
				SWIFT_VERSION = 5.0;
				TARGETED_DEVICE_FAMILY = "1,2";
			};
			name = Release;
		};
		761667702C08452A00F36319 /* Debug */ = {
			isa = XCBuildConfiguration;
			buildSettings = {
				ALWAYS_EMBED_SWIFT_STANDARD_LIBRARIES = YES;
				BUNDLE_LOADER = "$(TEST_HOST)";
				CODE_SIGN_STYLE = Automatic;
				CURRENT_PROJECT_VERSION = 1;
				GENERATE_INFOPLIST_FILE = YES;
				IPHONEOS_DEPLOYMENT_TARGET = 17.2;
				MARKETING_VERSION = 1.0;
				PRODUCT_BUNDLE_IDENTIFIER = com.takasurazeem.MoviesAppTests;
				PRODUCT_NAME = "$(TARGET_NAME)";
				SWIFT_EMIT_LOC_STRINGS = NO;
				SWIFT_VERSION = 5.0;
				TARGETED_DEVICE_FAMILY = "1,2";
				TEST_HOST = "$(BUILT_PRODUCTS_DIR)/MoviesApp.app/$(BUNDLE_EXECUTABLE_FOLDER_PATH)/MoviesApp";
			};
			name = Debug;
		};
		761667712C08452A00F36319 /* Release */ = {
			isa = XCBuildConfiguration;
			buildSettings = {
				ALWAYS_EMBED_SWIFT_STANDARD_LIBRARIES = YES;
				BUNDLE_LOADER = "$(TEST_HOST)";
				CODE_SIGN_STYLE = Automatic;
				CURRENT_PROJECT_VERSION = 1;
				GENERATE_INFOPLIST_FILE = YES;
				IPHONEOS_DEPLOYMENT_TARGET = 17.2;
				MARKETING_VERSION = 1.0;
				PRODUCT_BUNDLE_IDENTIFIER = com.takasurazeem.MoviesAppTests;
				PRODUCT_NAME = "$(TARGET_NAME)";
				SWIFT_EMIT_LOC_STRINGS = NO;
				SWIFT_VERSION = 5.0;
				TARGETED_DEVICE_FAMILY = "1,2";
				TEST_HOST = "$(BUILT_PRODUCTS_DIR)/MoviesApp.app/$(BUNDLE_EXECUTABLE_FOLDER_PATH)/MoviesApp";
			};
			name = Release;
		};
		761667732C08452A00F36319 /* Debug */ = {
			isa = XCBuildConfiguration;
			buildSettings = {
				ALWAYS_EMBED_SWIFT_STANDARD_LIBRARIES = YES;
				CODE_SIGN_STYLE = Automatic;
				CURRENT_PROJECT_VERSION = 1;
				GENERATE_INFOPLIST_FILE = YES;
				MARKETING_VERSION = 1.0;
				PRODUCT_BUNDLE_IDENTIFIER = com.takasurazeem.MoviesAppUITests;
				PRODUCT_NAME = "$(TARGET_NAME)";
				SWIFT_EMIT_LOC_STRINGS = NO;
				SWIFT_VERSION = 5.0;
				TARGETED_DEVICE_FAMILY = "1,2";
				TEST_TARGET_NAME = MoviesApp;
			};
			name = Debug;
		};
		761667742C08452A00F36319 /* Release */ = {
			isa = XCBuildConfiguration;
			buildSettings = {
				ALWAYS_EMBED_SWIFT_STANDARD_LIBRARIES = YES;
				CODE_SIGN_STYLE = Automatic;
				CURRENT_PROJECT_VERSION = 1;
				GENERATE_INFOPLIST_FILE = YES;
				MARKETING_VERSION = 1.0;
				PRODUCT_BUNDLE_IDENTIFIER = com.takasurazeem.MoviesAppUITests;
				PRODUCT_NAME = "$(TARGET_NAME)";
				SWIFT_EMIT_LOC_STRINGS = NO;
				SWIFT_VERSION = 5.0;
				TARGETED_DEVICE_FAMILY = "1,2";
				TEST_TARGET_NAME = MoviesApp;
			};
			name = Release;
		};
/* End XCBuildConfiguration section */

/* Begin XCConfigurationList section */
		761667432C08452800F36319 /* Build configuration list for PBXProject "MoviesApp" */ = {
			isa = XCConfigurationList;
			buildConfigurations = (
				7616676A2C08452A00F36319 /* Debug */,
				7616676B2C08452A00F36319 /* Release */,
			);
			defaultConfigurationIsVisible = 0;
			defaultConfigurationName = Release;
		};
		7616676C2C08452A00F36319 /* Build configuration list for PBXNativeTarget "MoviesApp" */ = {
			isa = XCConfigurationList;
			buildConfigurations = (
				7616676D2C08452A00F36319 /* Debug */,
				7616676E2C08452A00F36319 /* Release */,
			);
			defaultConfigurationIsVisible = 0;
			defaultConfigurationName = Release;
		};
		7616676F2C08452A00F36319 /* Build configuration list for PBXNativeTarget "MoviesAppTests" */ = {
			isa = XCConfigurationList;
			buildConfigurations = (
				761667702C08452A00F36319 /* Debug */,
				761667712C08452A00F36319 /* Release */,
			);
			defaultConfigurationIsVisible = 0;
			defaultConfigurationName = Release;
		};
		761667722C08452A00F36319 /* Build configuration list for PBXNativeTarget "MoviesAppUITests" */ = {
			isa = XCConfigurationList;
			buildConfigurations = (
				761667732C08452A00F36319 /* Debug */,
				761667742C08452A00F36319 /* Release */,
			);
			defaultConfigurationIsVisible = 0;
			defaultConfigurationName = Release;
		};
/* End XCConfigurationList section */
	};
	rootObject = 761667402C08452800F36319 /* Project object */;
}
